
Microsoft Visual Studio Solution File, Format Version 12.00
# Visual Studio Version 17
VisualStudioVersion = 17.12.35707.178
MinimumVisualStudioVersion = 10.0.40219.1
Project("{FAE04EC0-301F-11D3-BF4B-00C04F79EFBC}") = "Eventure.Order.API", "src\Services\Ordering\Eventure.Order.API\Eventure.Order.API.csproj", "{173ADF7B-BBAE-4623-8CC8-50D6E5B126FF}"
EndProject
Project("{FAE04EC0-301F-11D3-BF4B-00C04F79EFBC}") = "Eventure.Payment.API", "src\Services\Payment\Eventure.Payment.API\Eventure.Payment.API.csproj", "{D04100BF-3E21-4138-8C5A-CBE7413B3256}"
EndProject
Project("{FAE04EC0-301F-11D3-BF4B-00C04F79EFBC}") = "Eventure.Catalog.API", "src\Services\Catalog\Eventure.Catalog.API\Eventure.Catalog.API.csproj", "{5D6E9CE4-B2D9-45D7-9F33-BEEDC554E888}"
EndProject
Project("{2150E333-8FDC-42A3-9474-1A3956D46DE8}") = "Ordering", "Ordering", "{13A8565B-7FEA-447F-984E-064C7A418ED5}"
EndProject
Project("{2150E333-8FDC-42A3-9474-1A3956D46DE8}") = "Catalog", "Catalog", "{CB971FD3-2BC2-4A93-8856-83DEB95134D4}"
EndProject
Project("{2150E333-8FDC-42A3-9474-1A3956D46DE8}") = "Payment", "Payment", "{C4EE7C6E-544D-4C20-B422-15B58E78810D}"
EndProject
Project("{2150E333-8FDC-42A3-9474-1A3956D46DE8}") = "Services", "Services", "{B029C5BC-A057-43F4-A450-921E72FBAF14}"
EndProject
Project("{2150E333-8FDC-42A3-9474-1A3956D46DE8}") = "Tests", "Tests", "{EA6AC558-8F4D-4A9C-A259-0B4C8E96AF92}"
EndProject
Global
	GlobalSection(SolutionConfigurationPlatforms) = preSolution
		Debug|Any CPU = Debug|Any CPU
		Release|Any CPU = Release|Any CPU
	EndGlobalSection
	GlobalSection(ProjectConfigurationPlatforms) = postSolution
		{173ADF7B-BBAE-4623-8CC8-50D6E5B126FF}.Debug|Any CPU.ActiveCfg = Debug|Any CPU
		{173ADF7B-BBAE-4623-8CC8-50D6E5B126FF}.Debug|Any CPU.Build.0 = Debug|Any CPU
		{173ADF7B-BBAE-4623-8CC8-50D6E5B126FF}.Release|Any CPU.ActiveCfg = Release|Any CPU
		{173ADF7B-BBAE-4623-8CC8-50D6E5B126FF}.Release|Any CPU.Build.0 = Release|Any CPU
		{D04100BF-3E21-4138-8C5A-CBE7413B3256}.Debug|Any CPU.ActiveCfg = Debug|Any CPU
		{D04100BF-3E21-4138-8C5A-CBE7413B3256}.Debug|Any CPU.Build.0 = Debug|Any CPU
		{D04100BF-3E21-4138-8C5A-CBE7413B3256}.Release|Any CPU.ActiveCfg = Release|Any CPU
		{D04100BF-3E21-4138-8C5A-CBE7413B3256}.Release|Any CPU.Build.0 = Release|Any CPU
		{5D6E9CE4-B2D9-45D7-9F33-BEEDC554E888}.Debug|Any CPU.ActiveCfg = Debug|Any CPU
		{5D6E9CE4-B2D9-45D7-9F33-BEEDC554E888}.Debug|Any CPU.Build.0 = Debug|Any CPU
		{5D6E9CE4-B2D9-45D7-9F33-BEEDC554E888}.Release|Any CPU.ActiveCfg = Release|Any CPU
		{5D6E9CE4-B2D9-45D7-9F33-BEEDC554E888}.Release|Any CPU.Build.0 = Release|Any CPU
	EndGlobalSection
	GlobalSection(SolutionProperties) = preSolution
		HideSolutionNode = FALSE
	EndGlobalSection
	GlobalSection(NestedProjects) = preSolution
		{173ADF7B-BBAE-4623-8CC8-50D6E5B126FF} = {13A8565B-7FEA-447F-984E-064C7A418ED5}
		{D04100BF-3E21-4138-8C5A-CBE7413B3256} = {C4EE7C6E-544D-4C20-B422-15B58E78810D}
		{5D6E9CE4-B2D9-45D7-9F33-BEEDC554E888} = {CB971FD3-2BC2-4A93-8856-83DEB95134D4}
		{13A8565B-7FEA-447F-984E-064C7A418ED5} = {B029C5BC-A057-43F4-A450-921E72FBAF14}
		{CB971FD3-2BC2-4A93-8856-83DEB95134D4} = {B029C5BC-A057-43F4-A450-921E72FBAF14}
		{C4EE7C6E-544D-4C20-B422-15B58E78810D} = {B029C5BC-A057-43F4-A450-921E72FBAF14}
	EndGlobalSection
	GlobalSection(ExtensibilityGlobals) = postSolution
		SolutionGuid = {E7DB98D9-E186-4E9F-AD59-B1F01D52529F}
	EndGlobalSection
EndGlobal
